
Microsoft Visual Studio Solution File, Format Version 12.00
# Visual Studio Version 17
VisualStudioVersion = 17.6.33801.468
MinimumVisualStudioVersion = 10.0.40219.1
Project("{FAE04EC0-301F-11D3-BF4B-00C04F79EFBC}") = "TestWebApplication", "TestWebApplication.csproj", "{D06A0283-A64E-4183-A068-C4BB6F15E916}"
EndProject
Global
	GlobalSection(SolutionConfigurationPlatforms) = preSolution
		Debug|Any CPU = Debug|Any CPU
		Release|Any CPU = Release|Any CPU
	EndGlobalSection
	GlobalSection(ProjectConfigurationPlatforms) = postSolution
		{D06A0283-A64E-4183-A068-C4BB6F15E916}.Debug|Any CPU.ActiveCfg = Debug|Any CPU
		{D06A0283-A64E-4183-A068-C4BB6F15E916}.Debug|Any CPU.Build.0 = Debug|Any CPU
		{D06A0283-A64E-4183-A068-C4BB6F15E916}.Release|Any CPU.ActiveCfg = Release|Any CPU
		{D06A0283-A64E-4183-A068-C4BB6F15E916}.Release|Any CPU.Build.0 = Release|Any CPU
	EndGlobalSection
	GlobalSection(SolutionProperties) = preSolution
		HideSolutionNode = FALSE
	EndGlobalSection
	GlobalSection(ExtensibilityGlobals) = postSolution
		SolutionGuid = {681EBAE2-1027-4264-9C1E-05DA54ED0A0F}
	EndGlobalSection
EndGlobal
